
Microsoft Visual Studio Solution File, Format Version 12.00
# Visual Studio Express 2012 for Windows Desktop
Project("{FAE04EC0-301F-11D3-BF4B-00C04F79EFBC}") = "ParcialVehiculo", "parcialveiculo\ParcialVehiculo.csproj", "{F71D9EAA-3DF0-4F94-88E5-E2CA0441A170}"
EndProject
Global
	GlobalSection(SolutionConfigurationPlatforms) = preSolution
		Debug|Any CPU = Debug|Any CPU
		Release|Any CPU = Release|Any CPU
	EndGlobalSection
	GlobalSection(ProjectConfigurationPlatforms) = postSolution
		{F71D9EAA-3DF0-4F94-88E5-E2CA0441A170}.Debug|Any CPU.ActiveCfg = Debug|Any CPU
		{F71D9EAA-3DF0-4F94-88E5-E2CA0441A170}.Debug|Any CPU.Build.0 = Debug|Any CPU
		{F71D9EAA-3DF0-4F94-88E5-E2CA0441A170}.Release|Any CPU.ActiveCfg = Release|Any CPU
		{F71D9EAA-3DF0-4F94-88E5-E2CA0441A170}.Release|Any CPU.Build.0 = Release|Any CPU
	EndGlobalSection
	GlobalSection(SolutionProperties) = preSolution
		HideSolutionNode = FALSE
	EndGlobalSection
EndGlobal
